
Microsoft Visual Studio Solution File, Format Version 12.00
# Visual Studio Version 17
VisualStudioVersion = 17.5.002.0
MinimumVisualStudioVersion = 10.0.40219.1
Project("{9A19103F-16F7-4668-BE54-9A1E7A4F7556}") = "EstruturasRepeticao", "EstruturasRepeticao.csproj", "{37EEEE5F-A5B9-47C0-BA6E-9B0FAB8F2EAF}"
EndProject
Global
	GlobalSection(SolutionConfigurationPlatforms) = preSolution
		Debug|Any CPU = Debug|Any CPU
		Release|Any CPU = Release|Any CPU
	EndGlobalSection
	GlobalSection(ProjectConfigurationPlatforms) = postSolution
		{37EEEE5F-A5B9-47C0-BA6E-9B0FAB8F2EAF}.Debug|Any CPU.ActiveCfg = Debug|Any CPU
		{37EEEE5F-A5B9-47C0-BA6E-9B0FAB8F2EAF}.Debug|Any CPU.Build.0 = Debug|Any CPU
		{37EEEE5F-A5B9-47C0-BA6E-9B0FAB8F2EAF}.Release|Any CPU.ActiveCfg = Release|Any CPU
		{37EEEE5F-A5B9-47C0-BA6E-9B0FAB8F2EAF}.Release|Any CPU.Build.0 = Release|Any CPU
	EndGlobalSection
	GlobalSection(SolutionProperties) = preSolution
		HideSolutionNode = FALSE
	EndGlobalSection
	GlobalSection(ExtensibilityGlobals) = postSolution
		SolutionGuid = {02DA8371-62DA-46C6-8A95-9989C551BE82}
	EndGlobalSection
EndGlobal
